
Microsoft Visual Studio Solution File, Format Version 12.00
# Visual Studio 15
VisualStudioVersion = 15.0.27703.2042
MinimumVisualStudioVersion = 10.0.40219.1
Project("{FAE04EC0-301F-11D3-BF4B-00C04F79EFBC}") = "ImageProcessor", "ImageProcessor\ImageProcessor.csproj", "{AEEF8B2F-E862-4958-A3C0-3D8D7FC982CB}"
EndProject
Global
	GlobalSection(SolutionConfigurationPlatforms) = preSolution
		Debug|Any CPU = Debug|Any CPU
		Release|Any CPU = Release|Any CPU
	EndGlobalSection
	GlobalSection(ProjectConfigurationPlatforms) = postSolution
		{AEEF8B2F-E862-4958-A3C0-3D8D7FC982CB}.Debug|Any CPU.ActiveCfg = Debug|Any CPU
		{AEEF8B2F-E862-4958-A3C0-3D8D7FC982CB}.Debug|Any CPU.Build.0 = Debug|Any CPU
		{AEEF8B2F-E862-4958-A3C0-3D8D7FC982CB}.Release|Any CPU.ActiveCfg = Release|Any CPU
		{AEEF8B2F-E862-4958-A3C0-3D8D7FC982CB}.Release|Any CPU.Build.0 = Release|Any CPU
	EndGlobalSection
	GlobalSection(SolutionProperties) = preSolution
		HideSolutionNode = FALSE
	EndGlobalSection
	GlobalSection(ExtensibilityGlobals) = postSolution
		SolutionGuid = {CF9D2D39-4570-4061-98E7-369C6A03EB1B}
	EndGlobalSection
EndGlobal
