
Microsoft Visual Studio Solution File, Format Version 12.00
# Visual Studio 15
VisualStudioVersion = 15.0.27703.2042
MinimumVisualStudioVersion = 10.0.40219.1
Project("{9A19103F-16F7-4668-BE54-9A1E7A4F7556}") = "file-upload", "file-upload.csproj", "{54778567-2BBC-4057-92F6-F39D73B0DE10}"
EndProject
Global
	GlobalSection(SolutionConfigurationPlatforms) = preSolution
		Debug|Any CPU = Debug|Any CPU
		Release|Any CPU = Release|Any CPU
	EndGlobalSection
	GlobalSection(ProjectConfigurationPlatforms) = postSolution
		{54778567-2BBC-4057-92F6-F39D73B0DE10}.Debug|Any CPU.ActiveCfg = Debug|Any CPU
		{54778567-2BBC-4057-92F6-F39D73B0DE10}.Debug|Any CPU.Build.0 = Debug|Any CPU
		{54778567-2BBC-4057-92F6-F39D73B0DE10}.Release|Any CPU.ActiveCfg = Release|Any CPU
		{54778567-2BBC-4057-92F6-F39D73B0DE10}.Release|Any CPU.Build.0 = Release|Any CPU
	EndGlobalSection
	GlobalSection(SolutionProperties) = preSolution
		HideSolutionNode = FALSE
	EndGlobalSection
	GlobalSection(ExtensibilityGlobals) = postSolution
		SolutionGuid = {59BCEB0F-0591-4670-9C5A-60AABF3E119F}
	EndGlobalSection
EndGlobal
